
Microsoft Visual Studio Solution File, Format Version 12.00
# Visual Studio Version 16
VisualStudioVersion = 16.0.29709.97
MinimumVisualStudioVersion = 10.0.40219.1
Project("{FAE04EC0-301F-11D3-BF4B-00C04F79EFBC}") = "Project1", "Project1\Project1.csproj", "{49090F1B-D199-4171-8A67-388F69E0AD71}"
EndProject
Global
	GlobalSection(SolutionConfigurationPlatforms) = preSolution
		Debug|Any CPU = Debug|Any CPU
		Release|Any CPU = Release|Any CPU
	EndGlobalSection
	GlobalSection(ProjectConfigurationPlatforms) = postSolution
		{49090F1B-D199-4171-8A67-388F69E0AD71}.Debug|Any CPU.ActiveCfg = Debug|Any CPU
		{49090F1B-D199-4171-8A67-388F69E0AD71}.Debug|Any CPU.Build.0 = Debug|Any CPU
		{49090F1B-D199-4171-8A67-388F69E0AD71}.Release|Any CPU.ActiveCfg = Release|Any CPU
		{49090F1B-D199-4171-8A67-388F69E0AD71}.Release|Any CPU.Build.0 = Release|Any CPU
	EndGlobalSection
	GlobalSection(SolutionProperties) = preSolution
		HideSolutionNode = FALSE
	EndGlobalSection
	GlobalSection(ExtensibilityGlobals) = postSolution
		SolutionGuid = {4CAE3B41-D1AC-47AD-AFBE-31D9A041C1A4}
	EndGlobalSection
EndGlobal
